
Microsoft Visual Studio Solution File, Format Version 12.00
# Visual Studio Version 16
VisualStudioVersion = 16.0.29920.165
MinimumVisualStudioVersion = 10.0.40219.1
Project("{9A19103F-16F7-4668-BE54-9A1E7A4F7556}") = "BitmapConverter", "BitmapConverter\BitmapConverter.csproj", "{38197FF4-2E41-4825-B928-0C4AE952AFA0}"
EndProject
Global
	GlobalSection(SolutionConfigurationPlatforms) = preSolution
		Debug|Any CPU = Debug|Any CPU
		Release|Any CPU = Release|Any CPU
	EndGlobalSection
	GlobalSection(ProjectConfigurationPlatforms) = postSolution
		{38197FF4-2E41-4825-B928-0C4AE952AFA0}.Debug|Any CPU.ActiveCfg = Debug|Any CPU
		{38197FF4-2E41-4825-B928-0C4AE952AFA0}.Debug|Any CPU.Build.0 = Debug|Any CPU
		{38197FF4-2E41-4825-B928-0C4AE952AFA0}.Release|Any CPU.ActiveCfg = Release|Any CPU
		{38197FF4-2E41-4825-B928-0C4AE952AFA0}.Release|Any CPU.Build.0 = Release|Any CPU
	EndGlobalSection
	GlobalSection(SolutionProperties) = preSolution
		HideSolutionNode = FALSE
	EndGlobalSection
	GlobalSection(ExtensibilityGlobals) = postSolution
		SolutionGuid = {0F78156D-C6BC-496F-8A2D-8C71FB158EA7}
	EndGlobalSection
EndGlobal
